
Microsoft Visual Studio Solution File, Format Version 12.00
# Visual Studio Version 17
VisualStudioVersion = 17.7.34302.85
MinimumVisualStudioVersion = 10.0.40219.1
Project("{FAE04EC0-301F-11D3-BF4B-00C04F79EFBC}") = "rbz_konsolenlotto", "rbz_konsolenlotto\rbz_konsolenlotto.csproj", "{E76D798D-C33A-4249-A663-BF231368C5F8}"
EndProject
Global
	GlobalSection(SolutionConfigurationPlatforms) = preSolution
		Debug|Any CPU = Debug|Any CPU
		Release|Any CPU = Release|Any CPU
	EndGlobalSection
	GlobalSection(ProjectConfigurationPlatforms) = postSolution
		{E76D798D-C33A-4249-A663-BF231368C5F8}.Debug|Any CPU.ActiveCfg = Debug|Any CPU
		{E76D798D-C33A-4249-A663-BF231368C5F8}.Debug|Any CPU.Build.0 = Debug|Any CPU
		{E76D798D-C33A-4249-A663-BF231368C5F8}.Release|Any CPU.ActiveCfg = Release|Any CPU
		{E76D798D-C33A-4249-A663-BF231368C5F8}.Release|Any CPU.Build.0 = Release|Any CPU
	EndGlobalSection
	GlobalSection(SolutionProperties) = preSolution
		HideSolutionNode = FALSE
	EndGlobalSection
	GlobalSection(ExtensibilityGlobals) = postSolution
		SolutionGuid = {8412517A-1308-4CA4-8825-F79C9039B698}
	EndGlobalSection
EndGlobal
